
Microsoft Visual Studio Solution File, Format Version 12.00
# Visual Studio 14
VisualStudioVersion = 14.0.25420.1
MinimumVisualStudioVersion = 10.0.40219.1
Project("{2150E333-8FDC-42A3-9474-1A3956D46DE8}") = "src", "src", "{E1C80F91-794D-4E71-B4CC-4480887EA314}"
EndProject
Project("{2150E333-8FDC-42A3-9474-1A3956D46DE8}") = "Solution Items", "Solution Items", "{D7DBE251-F49C-4767-AFF1-47FF9682CB6D}"
	ProjectSection(SolutionItems) = preProject
		global.json = global.json
	EndProjectSection
EndProject
Project("{8BB2217D-0F2D-49D1-97BC-3654ED321F3B}") = "SmallCode.Auth", "src\SmallCode.Auth\SmallCode.Auth.xproj", "{F35D5961-D9B8-4E01-BD72-017AE064ECD1}"
EndProject
Global
	GlobalSection(SolutionConfigurationPlatforms) = preSolution
		Debug|Any CPU = Debug|Any CPU
		Release|Any CPU = Release|Any CPU
	EndGlobalSection
	GlobalSection(ProjectConfigurationPlatforms) = postSolution
		{F35D5961-D9B8-4E01-BD72-017AE064ECD1}.Debug|Any CPU.ActiveCfg = Debug|Any CPU
		{F35D5961-D9B8-4E01-BD72-017AE064ECD1}.Debug|Any CPU.Build.0 = Debug|Any CPU
		{F35D5961-D9B8-4E01-BD72-017AE064ECD1}.Release|Any CPU.ActiveCfg = Release|Any CPU
		{F35D5961-D9B8-4E01-BD72-017AE064ECD1}.Release|Any CPU.Build.0 = Release|Any CPU
	EndGlobalSection
	GlobalSection(SolutionProperties) = preSolution
		HideSolutionNode = FALSE
	EndGlobalSection
	GlobalSection(NestedProjects) = preSolution
		{F35D5961-D9B8-4E01-BD72-017AE064ECD1} = {E1C80F91-794D-4E71-B4CC-4480887EA314}
	EndGlobalSection
EndGlobal
